
Microsoft Visual Studio Solution File, Format Version 12.00
# Visual Studio 15
VisualStudioVersion = 15.0.27004.2006
MinimumVisualStudioVersion = 10.0.40219.1
Project("{FAE04EC0-301F-11D3-BF4B-00C04F79EFBC}") = "BSN.Commons", "BSN.Commons\BSN.Commons.csproj", "{4E4A8B92-9407-4A55-83AB-46521D07CEDE}"
EndProject
Global
	GlobalSection(SolutionConfigurationPlatforms) = preSolution
		Debug|Any CPU = Debug|Any CPU
		Release|Any CPU = Release|Any CPU
	EndGlobalSection
	GlobalSection(ProjectConfigurationPlatforms) = postSolution
		{4E4A8B92-9407-4A55-83AB-46521D07CEDE}.Debug|Any CPU.ActiveCfg = Debug|Any CPU
		{4E4A8B92-9407-4A55-83AB-46521D07CEDE}.Debug|Any CPU.Build.0 = Debug|Any CPU
		{4E4A8B92-9407-4A55-83AB-46521D07CEDE}.Release|Any CPU.ActiveCfg = Release|Any CPU
		{4E4A8B92-9407-4A55-83AB-46521D07CEDE}.Release|Any CPU.Build.0 = Release|Any CPU
	EndGlobalSection
	GlobalSection(SolutionProperties) = preSolution
		HideSolutionNode = FALSE
	EndGlobalSection
	GlobalSection(ExtensibilityGlobals) = postSolution
		SolutionGuid = {FF3FC68D-0787-4606-9FC6-3DC6A4B6CF6F}
	EndGlobalSection
EndGlobal
