
Microsoft Visual Studio Solution File, Format Version 12.00
# Visual Studio Version 17
VisualStudioVersion = 17.2.32630.192
MinimumVisualStudioVersion = 10.0.40219.1
Project("{2150E333-8FDC-42A3-9474-1A3956D46DE8}") = "Source", "Source", "{DC377ADC-CC9D-4785-81BE-726DBF5F3096}"
EndProject
Project("{2150E333-8FDC-42A3-9474-1A3956D46DE8}") = "Test", "Test", "{5C6BA7B5-832A-495A-AF5E-C2A74F6A1EF9}"
EndProject
Project("{2150E333-8FDC-42A3-9474-1A3956D46DE8}") = "Build", "Build", "{6F9A45A1-05A3-4DAD-B4F2-DCD4836E110A}"
	ProjectSection(SolutionItems) = preProject
		Build\BSN.Commons.Orm.EntityFramework.nuspec = Build\BSN.Commons.Orm.EntityFramework.nuspec
		Build\BSN.Commons.Users.nuspec = Build\BSN.Commons.Users.nuspec
		Build\build.cake = Build\build.cake
		Build\build.ps1 = Build\build.ps1
	EndProjectSection
EndProject
Project("{2150E333-8FDC-42A3-9474-1A3956D46DE8}") = "Document", "Document", "{5AB50B7C-5BB7-4B35-B208-A0920294CFEE}"
EndProject
Project("{9A19103F-16F7-4668-BE54-9A1E7A4F7556}") = "BSN.Commons", "Source\BSN.Commons\BSN.Commons.csproj", "{FFEF752B-4E11-44FF-82FA-9AEC0B607990}"
EndProject
Project("{9A19103F-16F7-4668-BE54-9A1E7A4F7556}") = "BSN.Commons.Tests", "Test\BSN.Commons.Tests\BSN.Commons.Tests.csproj", "{128FAA47-21B1-4FBE-AC24-E33C6AE218CA}"
EndProject
Project("{9A19103F-16F7-4668-BE54-9A1E7A4F7556}") = "BSN.Commons.PresentationInfrastructure", "Source\BSN.Commons.PresentationInfrastructure\BSN.Commons.PresentationInfrastructure.csproj", "{BFA36BA8-621F-490D-AB4E-ECEFB639CAC4}"
EndProject
Project("{2150E333-8FDC-42A3-9474-1A3956D46DE8}") = "Solution Items", "Solution Items", "{320ED66B-71A0-473E-AC25-A464A9485EEE}"
	ProjectSection(SolutionItems) = preProject
		appveyor.yml = appveyor.yml
		BSN.jpg = BSN.jpg
		GitVersion.yml = GitVersion.yml
		LICENSE = LICENSE
		README.md = README.md
		sbuild.bat = sbuild.bat
	EndProjectSection
EndProject
Project("{9A19103F-16F7-4668-BE54-9A1E7A4F7556}") = "BSN.Commons.Orm.EntityFramework.Tests", "Test\BSN.Commons.Orm.EntityFramework.Tests\BSN.Commons.Orm.EntityFramework.Tests.csproj", "{2DF9D69C-E6F0-4CDA-8D8D-12F5D9C91494}"
EndProject
Project("{FAE04EC0-301F-11D3-BF4B-00C04F79EFBC}") = "BSN.Commons.Orm.EntityFramework", "Source\BSN.Commons.Orm.EntityFramework\BSN.Commons.Orm.EntityFramework.csproj", "{746AF465-DE8E-41C9-B558-CFFC6E3638D4}"
EndProject
Project("{9A19103F-16F7-4668-BE54-9A1E7A4F7556}") = "BSN.Commons.Orm.EntityFrameworkCore.Tests", "Test\BSN.Commons.Orm.EntityFrameworkCore.Tests\BSN.Commons.Orm.EntityFrameworkCore.Tests.csproj", "{906FEED8-23E0-4EEF-B902-C39325C50480}"
EndProject
Project("{9A19103F-16F7-4668-BE54-9A1E7A4F7556}") = "BSN.Commons.Orm.EntityFrameworkCore", "Source\BSN.Commons.Orm.EntityFrameworkCore\BSN.Commons.Orm.EntityFrameworkCore.csproj", "{335F645B-C85F-42C2-9185-A216101F60C7}"
EndProject
Project("{FAE04EC0-301F-11D3-BF4B-00C04F79EFBC}") = "BSN.Commons.Users", "Source\BSN.Commons.Users\BSN.Commons.Users.csproj", "{213ABCEF-7E9A-4CE5-A3EF-289C9781344D}"
EndProject
Project("{2150E333-8FDC-42A3-9474-1A3956D46DE8}") = "GrpcIntegrationTest", "GrpcIntegrationTest", "{54C74546-38B4-4618-AA40-334463F49C54}"
	ProjectSection(SolutionItems) = preProject
		Test\GrpcIntegrationTest\README.md = Test\GrpcIntegrationTest\README.md
	EndProjectSection
EndProject
Project("{FAE04EC0-301F-11D3-BF4B-00C04F79EFBC}") = "BSN.Commons.GrpcIntegrationTest.Sample.Service", "Test\GrpcIntegrationTest\BSN.Commons.GrpcIntegrationTest.Sample.Service\BSN.Commons.GrpcIntegrationTest.Sample.Service.csproj", "{08C7C14B-D2E9-4FA0-BD0C-7DDA9582DC6D}"
EndProject
Project("{FAE04EC0-301F-11D3-BF4B-00C04F79EFBC}") = "BSN.Commons.GrpcIntegrationTest.Sample.AppService.Contract", "Test\GrpcIntegrationTest\BSN.Commons.GrpcIntegrationTest.Sample.AppService.Contract\BSN.Commons.GrpcIntegrationTest.Sample.AppService.Contract.csproj", "{283F2163-BB83-4770-AA1A-F52FEFE8E1CF}"
EndProject
Project("{FAE04EC0-301F-11D3-BF4B-00C04F79EFBC}") = "BSN.Commons.GrpcIntegrationTest.Sample.Console", "Test\GrpcIntegrationTest\BSN.Commons.GrpcIntegrationTest.Sample.Console\BSN.Commons.GrpcIntegrationTest.Sample.Console.csproj", "{7799FBC7-13EB-4382-83D7-FE9396039C77}"
	ProjectSection(ProjectDependencies) = postProject
		{08C7C14B-D2E9-4FA0-BD0C-7DDA9582DC6D} = {08C7C14B-D2E9-4FA0-BD0C-7DDA9582DC6D}
	EndProjectSection
EndProject
Global
	GlobalSection(SolutionConfigurationPlatforms) = preSolution
		Debug|Any CPU = Debug|Any CPU
		Release|Any CPU = Release|Any CPU
	EndGlobalSection
	GlobalSection(ProjectConfigurationPlatforms) = postSolution
		{FFEF752B-4E11-44FF-82FA-9AEC0B607990}.Debug|Any CPU.ActiveCfg = Debug|Any CPU
		{FFEF752B-4E11-44FF-82FA-9AEC0B607990}.Debug|Any CPU.Build.0 = Debug|Any CPU
		{FFEF752B-4E11-44FF-82FA-9AEC0B607990}.Release|Any CPU.ActiveCfg = Release|Any CPU
		{FFEF752B-4E11-44FF-82FA-9AEC0B607990}.Release|Any CPU.Build.0 = Release|Any CPU
		{128FAA47-21B1-4FBE-AC24-E33C6AE218CA}.Debug|Any CPU.ActiveCfg = Debug|Any CPU
		{128FAA47-21B1-4FBE-AC24-E33C6AE218CA}.Debug|Any CPU.Build.0 = Debug|Any CPU
		{128FAA47-21B1-4FBE-AC24-E33C6AE218CA}.Release|Any CPU.ActiveCfg = Release|Any CPU
		{128FAA47-21B1-4FBE-AC24-E33C6AE218CA}.Release|Any CPU.Build.0 = Release|Any CPU
		{BFA36BA8-621F-490D-AB4E-ECEFB639CAC4}.Debug|Any CPU.ActiveCfg = Debug|Any CPU
		{BFA36BA8-621F-490D-AB4E-ECEFB639CAC4}.Debug|Any CPU.Build.0 = Debug|Any CPU
		{BFA36BA8-621F-490D-AB4E-ECEFB639CAC4}.Release|Any CPU.ActiveCfg = Release|Any CPU
		{BFA36BA8-621F-490D-AB4E-ECEFB639CAC4}.Release|Any CPU.Build.0 = Release|Any CPU
		{2DF9D69C-E6F0-4CDA-8D8D-12F5D9C91494}.Debug|Any CPU.ActiveCfg = Debug|Any CPU
		{2DF9D69C-E6F0-4CDA-8D8D-12F5D9C91494}.Debug|Any CPU.Build.0 = Debug|Any CPU
		{2DF9D69C-E6F0-4CDA-8D8D-12F5D9C91494}.Release|Any CPU.ActiveCfg = Release|Any CPU
		{2DF9D69C-E6F0-4CDA-8D8D-12F5D9C91494}.Release|Any CPU.Build.0 = Release|Any CPU
		{746AF465-DE8E-41C9-B558-CFFC6E3638D4}.Debug|Any CPU.ActiveCfg = Debug|Any CPU
		{746AF465-DE8E-41C9-B558-CFFC6E3638D4}.Debug|Any CPU.Build.0 = Debug|Any CPU
		{746AF465-DE8E-41C9-B558-CFFC6E3638D4}.Release|Any CPU.ActiveCfg = Release|Any CPU
		{746AF465-DE8E-41C9-B558-CFFC6E3638D4}.Release|Any CPU.Build.0 = Release|Any CPU
		{906FEED8-23E0-4EEF-B902-C39325C50480}.Debug|Any CPU.ActiveCfg = Debug|Any CPU
		{906FEED8-23E0-4EEF-B902-C39325C50480}.Debug|Any CPU.Build.0 = Debug|Any CPU
		{906FEED8-23E0-4EEF-B902-C39325C50480}.Release|Any CPU.ActiveCfg = Release|Any CPU
		{906FEED8-23E0-4EEF-B902-C39325C50480}.Release|Any CPU.Build.0 = Release|Any CPU
		{335F645B-C85F-42C2-9185-A216101F60C7}.Debug|Any CPU.ActiveCfg = Debug|Any CPU
		{335F645B-C85F-42C2-9185-A216101F60C7}.Debug|Any CPU.Build.0 = Debug|Any CPU
		{335F645B-C85F-42C2-9185-A216101F60C7}.Release|Any CPU.ActiveCfg = Release|Any CPU
		{335F645B-C85F-42C2-9185-A216101F60C7}.Release|Any CPU.Build.0 = Release|Any CPU
		{213ABCEF-7E9A-4CE5-A3EF-289C9781344D}.Debug|Any CPU.ActiveCfg = Debug|Any CPU
		{213ABCEF-7E9A-4CE5-A3EF-289C9781344D}.Debug|Any CPU.Build.0 = Debug|Any CPU
		{213ABCEF-7E9A-4CE5-A3EF-289C9781344D}.Release|Any CPU.ActiveCfg = Release|Any CPU
		{213ABCEF-7E9A-4CE5-A3EF-289C9781344D}.Release|Any CPU.Build.0 = Release|Any CPU
		{08C7C14B-D2E9-4FA0-BD0C-7DDA9582DC6D}.Debug|Any CPU.ActiveCfg = Debug|Any CPU
		{08C7C14B-D2E9-4FA0-BD0C-7DDA9582DC6D}.Debug|Any CPU.Build.0 = Debug|Any CPU
		{08C7C14B-D2E9-4FA0-BD0C-7DDA9582DC6D}.Release|Any CPU.ActiveCfg = Release|Any CPU
		{08C7C14B-D2E9-4FA0-BD0C-7DDA9582DC6D}.Release|Any CPU.Build.0 = Release|Any CPU
		{283F2163-BB83-4770-AA1A-F52FEFE8E1CF}.Debug|Any CPU.ActiveCfg = Debug|Any CPU
		{283F2163-BB83-4770-AA1A-F52FEFE8E1CF}.Debug|Any CPU.Build.0 = Debug|Any CPU
		{283F2163-BB83-4770-AA1A-F52FEFE8E1CF}.Release|Any CPU.ActiveCfg = Release|Any CPU
		{283F2163-BB83-4770-AA1A-F52FEFE8E1CF}.Release|Any CPU.Build.0 = Release|Any CPU
		{7799FBC7-13EB-4382-83D7-FE9396039C77}.Debug|Any CPU.ActiveCfg = Debug|Any CPU
		{7799FBC7-13EB-4382-83D7-FE9396039C77}.Debug|Any CPU.Build.0 = Debug|Any CPU
		{7799FBC7-13EB-4382-83D7-FE9396039C77}.Release|Any CPU.ActiveCfg = Release|Any CPU
		{7799FBC7-13EB-4382-83D7-FE9396039C77}.Release|Any CPU.Build.0 = Release|Any CPU
	EndGlobalSection
	GlobalSection(SolutionProperties) = preSolution
		HideSolutionNode = FALSE
	EndGlobalSection
	GlobalSection(NestedProjects) = preSolution
		{FFEF752B-4E11-44FF-82FA-9AEC0B607990} = {DC377ADC-CC9D-4785-81BE-726DBF5F3096}
		{128FAA47-21B1-4FBE-AC24-E33C6AE218CA} = {5C6BA7B5-832A-495A-AF5E-C2A74F6A1EF9}
		{BFA36BA8-621F-490D-AB4E-ECEFB639CAC4} = {DC377ADC-CC9D-4785-81BE-726DBF5F3096}
		{2DF9D69C-E6F0-4CDA-8D8D-12F5D9C91494} = {5C6BA7B5-832A-495A-AF5E-C2A74F6A1EF9}
		{746AF465-DE8E-41C9-B558-CFFC6E3638D4} = {DC377ADC-CC9D-4785-81BE-726DBF5F3096}
		{906FEED8-23E0-4EEF-B902-C39325C50480} = {5C6BA7B5-832A-495A-AF5E-C2A74F6A1EF9}
		{335F645B-C85F-42C2-9185-A216101F60C7} = {DC377ADC-CC9D-4785-81BE-726DBF5F3096}
		{213ABCEF-7E9A-4CE5-A3EF-289C9781344D} = {DC377ADC-CC9D-4785-81BE-726DBF5F3096}
		{54C74546-38B4-4618-AA40-334463F49C54} = {5C6BA7B5-832A-495A-AF5E-C2A74F6A1EF9}
		{08C7C14B-D2E9-4FA0-BD0C-7DDA9582DC6D} = {54C74546-38B4-4618-AA40-334463F49C54}
		{283F2163-BB83-4770-AA1A-F52FEFE8E1CF} = {54C74546-38B4-4618-AA40-334463F49C54}
		{7799FBC7-13EB-4382-83D7-FE9396039C77} = {54C74546-38B4-4618-AA40-334463F49C54}
	EndGlobalSection
	GlobalSection(ExtensibilityGlobals) = postSolution
		SolutionGuid = {BCAF76D3-AA3C-4D0F-8D10-34065F8FED09}
	EndGlobalSection
EndGlobal
